
Microsoft Visual Studio Solution File, Format Version 12.00
# Visual Studio Version 17
VisualStudioVersion = 17.3.32519.111
MinimumVisualStudioVersion = 10.0.40219.1
Project("{FAE04EC0-301F-11D3-BF4B-00C04F79EFBC}") = "ArtStore.Models", "ArtStore\ArtStore.Models.csproj", "{83ECCC7A-1011-4D96-8F4A-A40DC3CE5166}"
EndProject
Project("{FAE04EC0-301F-11D3-BF4B-00C04F79EFBC}") = "ArtStore.Data", "ArtStore.Data\ArtStore.Data.csproj", "{CD066A40-2A22-4B10-B178-30D83E37F3CA}"
EndProject
Project("{FAE04EC0-301F-11D3-BF4B-00C04F79EFBC}") = "ArtStore.Services", "ArtStore.Services\ArtStore.Services.csproj", "{9CF40145-8CED-4171-B6AE-BF135FBFE470}"
EndProject
Project("{FAE04EC0-301F-11D3-BF4B-00C04F79EFBC}") = "ArtStore.Common", "ArtStore.Common\ArtStore.Common.csproj", "{8A02B3B8-BFDA-4495-A045-FF14D17CD872}"
EndProject
Project("{FAE04EC0-301F-11D3-BF4B-00C04F79EFBC}") = "ArtStore.Web", "ArtStore.Web\ArtStore.Web.csproj", "{69FD1798-0F3A-4472-94E8-11C66A158B90}"
EndProject
Global
	GlobalSection(SolutionConfigurationPlatforms) = preSolution
		Debug|Any CPU = Debug|Any CPU
		Release|Any CPU = Release|Any CPU
	EndGlobalSection
	GlobalSection(ProjectConfigurationPlatforms) = postSolution
		{83ECCC7A-1011-4D96-8F4A-A40DC3CE5166}.Debug|Any CPU.ActiveCfg = Debug|Any CPU
		{83ECCC7A-1011-4D96-8F4A-A40DC3CE5166}.Debug|Any CPU.Build.0 = Debug|Any CPU
		{83ECCC7A-1011-4D96-8F4A-A40DC3CE5166}.Release|Any CPU.ActiveCfg = Release|Any CPU
		{83ECCC7A-1011-4D96-8F4A-A40DC3CE5166}.Release|Any CPU.Build.0 = Release|Any CPU
		{CD066A40-2A22-4B10-B178-30D83E37F3CA}.Debug|Any CPU.ActiveCfg = Debug|Any CPU
		{CD066A40-2A22-4B10-B178-30D83E37F3CA}.Debug|Any CPU.Build.0 = Debug|Any CPU
		{CD066A40-2A22-4B10-B178-30D83E37F3CA}.Release|Any CPU.ActiveCfg = Release|Any CPU
		{CD066A40-2A22-4B10-B178-30D83E37F3CA}.Release|Any CPU.Build.0 = Release|Any CPU
		{9CF40145-8CED-4171-B6AE-BF135FBFE470}.Debug|Any CPU.ActiveCfg = Debug|Any CPU
		{9CF40145-8CED-4171-B6AE-BF135FBFE470}.Debug|Any CPU.Build.0 = Debug|Any CPU
		{9CF40145-8CED-4171-B6AE-BF135FBFE470}.Release|Any CPU.ActiveCfg = Release|Any CPU
		{9CF40145-8CED-4171-B6AE-BF135FBFE470}.Release|Any CPU.Build.0 = Release|Any CPU
		{8A02B3B8-BFDA-4495-A045-FF14D17CD872}.Debug|Any CPU.ActiveCfg = Debug|Any CPU
		{8A02B3B8-BFDA-4495-A045-FF14D17CD872}.Debug|Any CPU.Build.0 = Debug|Any CPU
		{8A02B3B8-BFDA-4495-A045-FF14D17CD872}.Release|Any CPU.ActiveCfg = Release|Any CPU
		{8A02B3B8-BFDA-4495-A045-FF14D17CD872}.Release|Any CPU.Build.0 = Release|Any CPU
		{69FD1798-0F3A-4472-94E8-11C66A158B90}.Debug|Any CPU.ActiveCfg = Debug|Any CPU
		{69FD1798-0F3A-4472-94E8-11C66A158B90}.Debug|Any CPU.Build.0 = Debug|Any CPU
		{69FD1798-0F3A-4472-94E8-11C66A158B90}.Release|Any CPU.ActiveCfg = Release|Any CPU
		{69FD1798-0F3A-4472-94E8-11C66A158B90}.Release|Any CPU.Build.0 = Release|Any CPU
	EndGlobalSection
	GlobalSection(SolutionProperties) = preSolution
		HideSolutionNode = FALSE
	EndGlobalSection
	GlobalSection(ExtensibilityGlobals) = postSolution
		SolutionGuid = {9CF1632D-4F89-420E-8A97-D7E2DE631A5A}
	EndGlobalSection
EndGlobal
